# This file was autogenerated by Stack.
# You should not edit this file by hand.
# For more information, please see the documentation at:
#   https://docs.haskellstack.org/en/stable/lock_files

packages:
- completed:
    hackage: katip-0.8.3.0@sha256:8a67c0aec3ba1f0eabcfae443cb909e4cf9405e29bac99ccf1420f1f1bbda9c4,4097
    pantry-tree:
      size: 1140
      sha256: cad8c67256ec85819309d77bdcbc15b67885940ef76f2b850c8be20c2efd0149
  original:
    hackage: katip-0.8.3.0
- completed:
    hackage: http-mock-0.1.0.0@sha256:c4c821e59bb16f3199cc81fadc0fa61dd3f4d538cb49a93d1d2ae565b3dd6dbf,1476
    pantry-tree:
      size: 369
      sha256: dc5a712ff67565d602054b6757596ec1cd71a5f0103650408ec3de739e0f8133
  original:
    hackage: http-mock-0.1.0.0
- completed:
    hackage: jsonpath-0.1.0.1@sha256:55718ac52b25cd8ce80fbdc9079a112344f032b056cfaf30737a29b6bd1a5c12,2377
    pantry-tree:
      size: 1097
      sha256: 027749c943abaa6a78adc58e5abd4b3f42644c17c5fb7edf816557424a79448b
  original:
    hackage: jsonpath-0.1.0.1
- completed:
    hackage: oidc-client-0.4.0.1@sha256:d35d29351ea7db2aa0ecd4b4792b8bac4bf13f10c050e3c0cab0072b74acd996,3306
    pantry-tree:
      size: 1153
      sha256: 8e5ea55cd0d5140c7595a7a2a6d6a039f29a61c2b339b0d850e062369f897206
  original:
    hackage: oidc-client-0.4.0.1
- completed:
    size: 1689509
    subdir: kubernetes
    url: https://github.com/kubernetes-client/haskell/archive/bab9bde4a5e454f5c0e1827483c62fb22fbccee7.tar.gz
    cabal-file:
      size: 5850
      sha256: 245021b036b4d70e03153d74bdb746350a9e01fef333a248ce144100f7c0dbbe
    name: kubernetes-client-core
    version: 0.1.0.2
    sha256: c4fc2660fa2b679d3cc51e5aefc30987ec3f9a60509fe99784148e3e0e0e9425
    pantry-tree:
      size: 7455
      sha256: 2941856e0d786a3e5db0cc1052097d761cb1acddd24df6f6862ad3bba5dad5e3
  original:
    subdir: kubernetes
    url: https://github.com/kubernetes-client/haskell/archive/bab9bde4a5e454f5c0e1827483c62fb22fbccee7.tar.gz
- completed:
    size: 1689509
    subdir: kubernetes-client
    url: https://github.com/kubernetes-client/haskell/archive/bab9bde4a5e454f5c0e1827483c62fb22fbccee7.tar.gz
    cabal-file:
      size: 4595
      sha256: 0c42ab5a0e765ee4b8727412abc48d5ea25452453b202b88b1da59f8621c7df0
    name: kubernetes-client
    version: 0.1.0.2
    sha256: c4fc2660fa2b679d3cc51e5aefc30987ec3f9a60509fe99784148e3e0e0e9425
    pantry-tree:
      size: 1608
      sha256: 50bb93e48ad4e354cec0db39b2af38b6ee24be1fd311358707bb99e8557fd4ca
  original:
    subdir: kubernetes-client
    url: https://github.com/kubernetes-client/haskell/archive/bab9bde4a5e454f5c0e1827483c62fb22fbccee7.tar.gz
snapshots:
- completed:
    size: 496697
    url: https://raw.githubusercontent.com/commercialhaskell/stackage-snapshots/master/lts/13/9.yaml
    sha256: 3846ba7d13dd1b2679426dc3f450332a3b8a181063b0f3fc2d0c7d55db2e9c24
  original: lts-13.9
